
Microsoft Visual Studio Solution File, Format Version 12.00
# Visual Studio Version 17
VisualStudioVersion = 17.9.34701.34
MinimumVisualStudioVersion = 10.0.40219.1
Project("{FAE04EC0-301F-11D3-BF4B-00C04F79EFBC}") = "Auth.Server", "Auth.Server\Auth.Server.csproj", "{47A0C326-22D3-4852-A3BC-E7961AD58BF1}"
EndProject
Project("{54A90642-561A-4BB1-A94E-469ADEE60C69}") = "auth.client", "auth.client\auth.client.esproj", "{4BD35052-C654-4352-AFE7-46B928367D9D}"
EndProject
Global
	GlobalSection(SolutionConfigurationPlatforms) = preSolution
		Debug|Any CPU = Debug|Any CPU
		Release|Any CPU = Release|Any CPU
	EndGlobalSection
	GlobalSection(ProjectConfigurationPlatforms) = postSolution
		{47A0C326-22D3-4852-A3BC-E7961AD58BF1}.Debug|Any CPU.ActiveCfg = Debug|Any CPU
		{47A0C326-22D3-4852-A3BC-E7961AD58BF1}.Debug|Any CPU.Build.0 = Debug|Any CPU
		{47A0C326-22D3-4852-A3BC-E7961AD58BF1}.Release|Any CPU.ActiveCfg = Release|Any CPU
		{47A0C326-22D3-4852-A3BC-E7961AD58BF1}.Release|Any CPU.Build.0 = Release|Any CPU
		{4BD35052-C654-4352-AFE7-46B928367D9D}.Debug|Any CPU.ActiveCfg = Debug|Any CPU
		{4BD35052-C654-4352-AFE7-46B928367D9D}.Debug|Any CPU.Build.0 = Debug|Any CPU
		{4BD35052-C654-4352-AFE7-46B928367D9D}.Debug|Any CPU.Deploy.0 = Debug|Any CPU
		{4BD35052-C654-4352-AFE7-46B928367D9D}.Release|Any CPU.ActiveCfg = Release|Any CPU
		{4BD35052-C654-4352-AFE7-46B928367D9D}.Release|Any CPU.Build.0 = Release|Any CPU
		{4BD35052-C654-4352-AFE7-46B928367D9D}.Release|Any CPU.Deploy.0 = Release|Any CPU
	EndGlobalSection
	GlobalSection(SolutionProperties) = preSolution
		HideSolutionNode = FALSE
	EndGlobalSection
	GlobalSection(ExtensibilityGlobals) = postSolution
		SolutionGuid = {94F2F1DE-88F0-4D25-A003-1030D50A809A}
	EndGlobalSection
EndGlobal
